
Microsoft Visual Studio Solution File, Format Version 12.00
# Visual Studio 15
VisualStudioVersion = 15.0.26430.16
MinimumVisualStudioVersion = 10.0.40219.1
Project("{2150E333-8FDC-42A3-9474-1A3956D46DE8}") = "Engine", "Engine", "{89D0CD3E-B6ED-4B0F-AB6B-A6B5B97A0390}"
EndProject
Project("{2150E333-8FDC-42A3-9474-1A3956D46DE8}") = "Games", "Games", "{A82F045E-ACC7-4F5F-AE6B-937E5A0F9E44}"
EndProject
Project("{8BC9CEB8-8B4A-11D0-8D11-00A0C91BC942}") = "UE4", "Intermediate\ProjectFiles\UE4.vcxproj", "{14ABBD69-CB9B-4062-A652-DF157CCB13BF}"
EndProject
Project("{8BC9CEB8-8B4A-11D0-8D11-00A0C91BC942}") = "HealersQuest", "Intermediate\ProjectFiles\HealersQuest.vcxproj", "{0E47757C-B35C-4BCD-AB55-637777723FCF}"
EndProject
Global
	GlobalSection(SolutionConfigurationPlatforms) = preSolution
		DebugGame Editor|HTML5 = DebugGame Editor|HTML5
		DebugGame Editor|Win32 = DebugGame Editor|Win32
		DebugGame Editor|Win64 = DebugGame Editor|Win64
		DebugGame|HTML5 = DebugGame|HTML5
		DebugGame|Win32 = DebugGame|Win32
		DebugGame|Win64 = DebugGame|Win64
		Development Editor|HTML5 = Development Editor|HTML5
		Development Editor|Win32 = Development Editor|Win32
		Development Editor|Win64 = Development Editor|Win64
		Development|HTML5 = Development|HTML5
		Development|Win32 = Development|Win32
		Development|Win64 = Development|Win64
		Shipping|HTML5 = Shipping|HTML5
		Shipping|Win32 = Shipping|Win32
		Shipping|Win64 = Shipping|Win64
	EndGlobalSection
	GlobalSection(ProjectConfigurationPlatforms) = postSolution
		{14ABBD69-CB9B-4062-A652-DF157CCB13BF}.DebugGame Editor|HTML5.ActiveCfg = BuiltWithUnrealBuildTool|Win32
		{14ABBD69-CB9B-4062-A652-DF157CCB13BF}.DebugGame Editor|HTML5.Build.0 = BuiltWithUnrealBuildTool|Win32
		{14ABBD69-CB9B-4062-A652-DF157CCB13BF}.DebugGame Editor|Win32.ActiveCfg = BuiltWithUnrealBuildTool|Win32
		{14ABBD69-CB9B-4062-A652-DF157CCB13BF}.DebugGame Editor|Win32.Build.0 = BuiltWithUnrealBuildTool|Win32
		{14ABBD69-CB9B-4062-A652-DF157CCB13BF}.DebugGame Editor|Win64.ActiveCfg = BuiltWithUnrealBuildTool|Win32
		{14ABBD69-CB9B-4062-A652-DF157CCB13BF}.DebugGame Editor|Win64.Build.0 = BuiltWithUnrealBuildTool|Win32
		{14ABBD69-CB9B-4062-A652-DF157CCB13BF}.DebugGame|HTML5.ActiveCfg = BuiltWithUnrealBuildTool|Win32
		{14ABBD69-CB9B-4062-A652-DF157CCB13BF}.DebugGame|HTML5.Build.0 = BuiltWithUnrealBuildTool|Win32
		{14ABBD69-CB9B-4062-A652-DF157CCB13BF}.DebugGame|Win32.ActiveCfg = BuiltWithUnrealBuildTool|Win32
		{14ABBD69-CB9B-4062-A652-DF157CCB13BF}.DebugGame|Win32.Build.0 = BuiltWithUnrealBuildTool|Win32
		{14ABBD69-CB9B-4062-A652-DF157CCB13BF}.DebugGame|Win64.ActiveCfg = BuiltWithUnrealBuildTool|Win32
		{14ABBD69-CB9B-4062-A652-DF157CCB13BF}.DebugGame|Win64.Build.0 = BuiltWithUnrealBuildTool|Win32
		{14ABBD69-CB9B-4062-A652-DF157CCB13BF}.Development Editor|HTML5.ActiveCfg = BuiltWithUnrealBuildTool|Win32
		{14ABBD69-CB9B-4062-A652-DF157CCB13BF}.Development Editor|HTML5.Build.0 = BuiltWithUnrealBuildTool|Win32
		{14ABBD69-CB9B-4062-A652-DF157CCB13BF}.Development Editor|Win32.ActiveCfg = BuiltWithUnrealBuildTool|Win32
		{14ABBD69-CB9B-4062-A652-DF157CCB13BF}.Development Editor|Win32.Build.0 = BuiltWithUnrealBuildTool|Win32
		{14ABBD69-CB9B-4062-A652-DF157CCB13BF}.Development Editor|Win64.ActiveCfg = BuiltWithUnrealBuildTool|Win32
		{14ABBD69-CB9B-4062-A652-DF157CCB13BF}.Development Editor|Win64.Build.0 = BuiltWithUnrealBuildTool|Win32
		{14ABBD69-CB9B-4062-A652-DF157CCB13BF}.Development|HTML5.ActiveCfg = BuiltWithUnrealBuildTool|Win32
		{14ABBD69-CB9B-4062-A652-DF157CCB13BF}.Development|HTML5.Build.0 = BuiltWithUnrealBuildTool|Win32
		{14ABBD69-CB9B-4062-A652-DF157CCB13BF}.Development|Win32.ActiveCfg = BuiltWithUnrealBuildTool|Win32
		{14ABBD69-CB9B-4062-A652-DF157CCB13BF}.Development|Win32.Build.0 = BuiltWithUnrealBuildTool|Win32
		{14ABBD69-CB9B-4062-A652-DF157CCB13BF}.Development|Win64.ActiveCfg = BuiltWithUnrealBuildTool|Win32
		{14ABBD69-CB9B-4062-A652-DF157CCB13BF}.Development|Win64.Build.0 = BuiltWithUnrealBuildTool|Win32
		{14ABBD69-CB9B-4062-A652-DF157CCB13BF}.Shipping|HTML5.ActiveCfg = BuiltWithUnrealBuildTool|Win32
		{14ABBD69-CB9B-4062-A652-DF157CCB13BF}.Shipping|HTML5.Build.0 = BuiltWithUnrealBuildTool|Win32
		{14ABBD69-CB9B-4062-A652-DF157CCB13BF}.Shipping|Win32.ActiveCfg = BuiltWithUnrealBuildTool|Win32
		{14ABBD69-CB9B-4062-A652-DF157CCB13BF}.Shipping|Win32.Build.0 = BuiltWithUnrealBuildTool|Win32
		{14ABBD69-CB9B-4062-A652-DF157CCB13BF}.Shipping|Win64.ActiveCfg = BuiltWithUnrealBuildTool|Win32
		{14ABBD69-CB9B-4062-A652-DF157CCB13BF}.Shipping|Win64.Build.0 = BuiltWithUnrealBuildTool|Win32
		{0E47757C-B35C-4BCD-AB55-637777723FCF}.DebugGame Editor|HTML5.ActiveCfg = HTML5_DebugGame_Editor|Win32
		{0E47757C-B35C-4BCD-AB55-637777723FCF}.DebugGame Editor|Win32.ActiveCfg = DebugGame_Editor|Win32
		{0E47757C-B35C-4BCD-AB55-637777723FCF}.DebugGame Editor|Win64.ActiveCfg = DebugGame_Editor|x64
		{0E47757C-B35C-4BCD-AB55-637777723FCF}.DebugGame Editor|Win64.Build.0 = DebugGame_Editor|x64
		{0E47757C-B35C-4BCD-AB55-637777723FCF}.DebugGame|HTML5.ActiveCfg = HTML5_DebugGame_Game|Win32
		{0E47757C-B35C-4BCD-AB55-637777723FCF}.DebugGame|HTML5.Build.0 = HTML5_DebugGame_Game|Win32
		{0E47757C-B35C-4BCD-AB55-637777723FCF}.DebugGame|Win32.ActiveCfg = DebugGame_Game|Win32
		{0E47757C-B35C-4BCD-AB55-637777723FCF}.DebugGame|Win32.Build.0 = DebugGame_Game|Win32
		{0E47757C-B35C-4BCD-AB55-637777723FCF}.DebugGame|Win64.ActiveCfg = DebugGame_Game|x64
		{0E47757C-B35C-4BCD-AB55-637777723FCF}.DebugGame|Win64.Build.0 = DebugGame_Game|x64
		{0E47757C-B35C-4BCD-AB55-637777723FCF}.Development Editor|HTML5.ActiveCfg = HTML5_Development_Editor|Win32
		{0E47757C-B35C-4BCD-AB55-637777723FCF}.Development Editor|Win32.ActiveCfg = Development_Editor|Win32
		{0E47757C-B35C-4BCD-AB55-637777723FCF}.Development Editor|Win64.ActiveCfg = Development_Editor|x64
		{0E47757C-B35C-4BCD-AB55-637777723FCF}.Development Editor|Win64.Build.0 = Development_Editor|x64
		{0E47757C-B35C-4BCD-AB55-637777723FCF}.Development|HTML5.ActiveCfg = HTML5_Development_Game|Win32
		{0E47757C-B35C-4BCD-AB55-637777723FCF}.Development|HTML5.Build.0 = HTML5_Development_Game|Win32
		{0E47757C-B35C-4BCD-AB55-637777723FCF}.Development|Win32.ActiveCfg = Development_Game|Win32
		{0E47757C-B35C-4BCD-AB55-637777723FCF}.Development|Win32.Build.0 = Development_Game|Win32
		{0E47757C-B35C-4BCD-AB55-637777723FCF}.Development|Win64.ActiveCfg = Development_Game|x64
		{0E47757C-B35C-4BCD-AB55-637777723FCF}.Development|Win64.Build.0 = Development_Game|x64
		{0E47757C-B35C-4BCD-AB55-637777723FCF}.Shipping|HTML5.ActiveCfg = HTML5_Shipping_Game|Win32
		{0E47757C-B35C-4BCD-AB55-637777723FCF}.Shipping|HTML5.Build.0 = HTML5_Shipping_Game|Win32
		{0E47757C-B35C-4BCD-AB55-637777723FCF}.Shipping|Win32.ActiveCfg = Shipping_Game|Win32
		{0E47757C-B35C-4BCD-AB55-637777723FCF}.Shipping|Win32.Build.0 = Shipping_Game|Win32
		{0E47757C-B35C-4BCD-AB55-637777723FCF}.Shipping|Win64.ActiveCfg = Shipping_Game|x64
		{0E47757C-B35C-4BCD-AB55-637777723FCF}.Shipping|Win64.Build.0 = Shipping_Game|x64
	EndGlobalSection
	GlobalSection(SolutionProperties) = preSolution
		HideSolutionNode = FALSE
	EndGlobalSection
	GlobalSection(NestedProjects) = preSolution
		{14ABBD69-CB9B-4062-A652-DF157CCB13BF} = {89D0CD3E-B6ED-4B0F-AB6B-A6B5B97A0390}
		{0E47757C-B35C-4BCD-AB55-637777723FCF} = {A82F045E-ACC7-4F5F-AE6B-937E5A0F9E44}
	EndGlobalSection
EndGlobal
